version = 1
revision = 3
requires-python = ">=3.13"

[[package]]
name = "grpcio"
version = "1.67.1"
source = { registry = "https://pypi.org/simple" }
sdist = { url = "https://files.pythonhosted.org/packages/20/53/d9282a66a5db45981499190b77790570617a604a38f3d103d0400974aeb5/grpcio-1.67.1.tar.gz", hash = "sha256:3dc2ed4cabea4dc14d5e708c2b426205956077cc5de419b4d4079315017e9732", size = 12580022, upload-time = "2024-10-29T06:30:07.787Z" }
wheels = [
    { url = "https://files.pythonhosted.org/packages/12/d2/2f032b7a153c7723ea3dea08bffa4bcaca9e0e5bdf643ce565b76da87461/grpcio-1.67.1-cp313-cp313-linux_armv7l.whl", hash = "sha256:aa0162e56fd10a5547fac8774c4899fc3e18c1aa4a4759d0ce2cd00d3696ea6b", size = 5091487, upload-time = "2024-10-29T06:24:57.416Z" },
    { url = "https://files.pythonhosted.org/packages/d0/ae/ea2ff6bd2475a082eb97db1104a903cf5fc57c88c87c10b3c3f41a184fc0/grpcio-1.67.1-cp313-cp313-macosx_10_13_universal2.whl", hash = "sha256:beee96c8c0b1a75d556fe57b92b58b4347c77a65781ee2ac749d550f2a365dc1", size = 10943530, upload-time = "2024-10-29T06:25:01.062Z" },
    { url = "https://files.pythonhosted.org/packages/07/62/646be83d1a78edf8d69b56647327c9afc223e3140a744c59b25fbb279c3b/grpcio-1.67.1-cp313-cp313-manylinux_2_17_aarch64.whl", hash = "sha256:a93deda571a1bf94ec1f6fcda2872dad3ae538700d94dc283c672a3b508ba3af", size = 5589079, upload-time = "2024-10-29T06:25:04.254Z" },
    { url = "https://files.pythonhosted.org/packages/d0/25/71513d0a1b2072ce80d7f5909a93596b7ed10348b2ea4fdcbad23f6017bf/grpcio-1.67.1-cp313-cp313-manylinux_2_17_i686.manylinux2014_i686.whl", hash = "sha256:0e6f255980afef598a9e64a24efce87b625e3e3c80a45162d111a461a9f92955", size = 6213542, upload-time = "2024-10-29T06:25:06.824Z" },
    { url = "https://files.pythonhosted.org/packages/76/9a/d21236297111052dcb5dc85cd77dc7bf25ba67a0f55ae028b2af19a704bc/grpcio-1.67.1-cp313-cp313-manylinux_2_17_x86_64.manylinux2014_x86_64.whl", hash = "sha256:9e838cad2176ebd5d4a8bb03955138d6589ce9e2ce5d51c3ada34396dbd2dba8", size = 5850211, upload-time = "2024-10-29T06:25:10.149Z" },
    { url = "https://files.pythonhosted.org/packages/2d/fe/70b1da9037f5055be14f359026c238821b9bcf6ca38a8d760f59a589aacd/grpcio-1.67.1-cp313-cp313-musllinux_1_1_i686.whl", hash = "sha256:a6703916c43b1d468d0756c8077b12017a9fcb6a1ef13faf49e67d20d7ebda62", size = 6572129, upload-time = "2024-10-29T06:25:12.853Z" },
    { url = "https://files.pythonhosted.org/packages/74/0d/7df509a2cd2a54814598caf2fb759f3e0b93764431ff410f2175a6efb9e4/grpcio-1.67.1-cp313-cp313-musllinux_1_1_x86_64.whl", hash = "sha256:917e8d8994eed1d86b907ba2a61b9f0aef27a2155bca6cbb322430fc7135b7bb", size = 6149819, upload-time = "2024-10-29T06:25:15.803Z" },
    { url = "https://files.pythonhosted.org/packages/0a/08/bc3b0155600898fd10f16b79054e1cca6cb644fa3c250c0fe59385df5e6f/grpcio-1.67.1-cp313-cp313-win32.whl", hash = "sha256:e279330bef1744040db8fc432becc8a727b84f456ab62b744d3fdb83f327e121", size = 3596561, upload-time = "2024-10-29T06:25:19.348Z" },
    { url = "https://files.pythonhosted.org/packages/5a/96/44759eca966720d0f3e1b105c43f8ad4590c97bf8eb3cd489656e9590baa/grpcio-1.67.1-cp313-cp313-win_amd64.whl", hash = "sha256:fa0c739ad8b1996bd24823950e3cb5152ae91fca1c09cc791190bf1627ffefba", size = 4346042, upload-time = "2024-10-29T06:25:21.939Z" },
]

[[package]]
name = "grpcio-tools"
version = "1.67.1"
source = { registry = "https://pypi.org/simple" }
dependencies = [
    { name = "grpcio" },
    { name = "protobuf" },
    { name = "setuptools" },
]
sdist = { url = "https://files.pythonhosted.org/packages/ae/f9/6facde12a5a8da4398a3a8947f8ba6ef33b408dfc9767c8cefc0074ddd68/grpcio_tools-1.67.1.tar.gz", hash = "sha256:d9657f5ddc62b52f58904e6054b7d8a8909ed08a1e28b734be3a707087bcf004", size = 5159073, upload-time = "2024-10-29T06:30:25.522Z" }
wheels = [
    { url = "https://files.pythonhosted.org/packages/62/b3/91c88440c978740752d39f1abae83f21408048b98b93652ebd84f974ad3d/grpcio_tools-1.67.1-cp313-cp313-linux_armv7l.whl", hash = "sha256:9a3b9510cc87b6458b05ad49a6dee38df6af37f9ee6aa027aa086537798c3d4a", size = 2307453, upload-time = "2024-10-29T06:28:45.298Z" },
    { url = "https://files.pythonhosted.org/packages/05/33/faf3330825463c0409fa3891bc1459bf86a00055b19790211365279538d7/grpcio_tools-1.67.1-cp313-cp313-macosx_10_13_universal2.whl", hash = "sha256:9e4c9b9fa9b905f15d414cb7bd007ba7499f8907bdd21231ab287a86b27da81a", size = 5517975, upload-time = "2024-10-29T06:28:48.095Z" },
    { url = "https://files.pythonhosted.org/packages/bd/78/461ab34cadbd0b5b9a0b6efedda96b58e0de471e3fa91d8e4a4e31924e1b/grpcio_tools-1.67.1-cp313-cp313-manylinux_2_17_aarch64.whl", hash = "sha256:e11a98b41af4bc88b7a738232b8fa0306ad82c79fa5d7090bb607f183a57856f", size = 2281081, upload-time = "2024-10-29T06:28:50.39Z" },
    { url = "https://files.pythonhosted.org/packages/5f/0c/b30bdbcab1795b12e05adf30c20981c14f66198e22044edb15b3c1d9f0bc/grpcio_tools-1.67.1-cp313-cp313-manylinux_2_17_i686.manylinux2014_i686.whl", hash = "sha256:de0fcfe61c26679d64b1710746f2891f359593f76894fcf492c37148d5694f00", size = 2616929, upload-time = "2024-10-29T06:28:52.667Z" },
    { url = "https://files.pythonhosted.org/packages/d3/c2/a77ca68ae768f8d5f1d070ea4afc42fda40401083e7c4f5c08211e84de38/grpcio_tools-1.67.1-cp313-cp313-manylinux_2_17_x86_64.manylinux2014_x86_64.whl", hash = "sha256:7ae3b3e2ee5aad59dece65a613624c46a84c9582fc3642686537c6dfae8e47dc", size = 2414633, upload-time = "2024-10-29T06:28:55.089Z" },
    { url = "https://files.pythonhosted.org/packages/39/70/8d7131dccfe4d7b739c96ada7ea9acde631f58f013eae773791fb490a3eb/grpcio_tools-1.67.1-cp313-cp313-musllinux_1_1_i686.whl", hash = "sha256:9a630f83505b6471a3094a7a372a1240de18d0cd3e64f4fbf46b361bac2be65b", size = 3224328, upload-time = "2024-10-29T06:28:58.024Z" },
    { url = "https://files.pythonhosted.org/packages/2a/28/2d24b933ccf0d6877035aa3d5f8b64aad18c953657dd43c682b5701dc127/grpcio_tools-1.67.1-cp313-cp313-musllinux_1_1_x86_64.whl", hash = "sha256:d85a1fcbacd3e08dc2b3d1d46b749351a9a50899fa35cf2ff040e1faf7d405ad", size = 2869640, upload-time = "2024-10-29T06:29:00.472Z" },
    { url = "https://files.pythonhosted.org/packages/37/77/ddd2b4cc896639fb0f85fc21d5684f25080ee28845c5a4031e3dd65fdc92/grpcio_tools-1.67.1-cp313-cp313-win32.whl", hash = "sha256:778470f025f25a1fca5a48c93c0a18af395b46b12dd8df7fca63736b85181f41", size = 939997, upload-time = "2024-10-29T06:29:03.426Z" },
    { url = "https://files.pythonhosted.org/packages/96/d0/f0855a0ccb26ffeb41e6db68b5cbb25d7e9ba1f8f19151eef36210e64efc/grpcio_tools-1.67.1-cp313-cp313-win_amd64.whl", hash = "sha256:6961da86e9856b4ddee0bf51ef6636b4bf9c29c0715aa71f3c8f027c45d42654", size = 1089819, upload-time = "2024-10-29T06:29:06.113Z" },
]

[[package]]
name = "nim-asr"
version = "0.1.0"
source = { virtual = "." }
dependencies = [
    { name = "nvidia-riva-client" },
    { name = "pyaudio" },
]

[package.metadata]
requires-dist = [
    { name = "nvidia-riva-client", specifier = ">=2.24.0" },
    { name = "pyaudio", specifier = ">=0.2.14" },
]

[[package]]
name = "nvidia-riva-client"
version = "2.24.0"
source = { registry = "https://pypi.org/simple" }
dependencies = [
    { name = "grpcio" },
    { name = "grpcio-tools" },
    { name = "setuptools" },
    { name = "websockets" },
]
wheels = [
    { url = "https://files.pythonhosted.org/packages/84/28/adced866916190caef3e002f1400b7c7d32f85d52db097a0d70cd06aba33/nvidia_riva_client-2.24.0-py3-none-any.whl", hash = "sha256:d3186c412d6ef5dc26de404b8e9d5d8fb5681bec57ebf2271a74c41d813f20c9", size = 55143, upload-time = "2025-12-19T12:15:57.506Z" },
]

[[package]]
name = "protobuf"
version = "5.29.5"
source = { registry = "https://pypi.org/simple" }
sdist = { url = "https://files.pythonhosted.org/packages/43/29/d09e70352e4e88c9c7a198d5645d7277811448d76c23b00345670f7c8a38/protobuf-5.29.5.tar.gz", hash = "sha256:bc1463bafd4b0929216c35f437a8e28731a2b7fe3d98bb77a600efced5a15c84", size = 425226, upload-time = "2025-05-28T23:51:59.82Z" }
wheels = [
    { url = "https://files.pythonhosted.org/packages/5f/11/6e40e9fc5bba02988a214c07cf324595789ca7820160bfd1f8be96e48539/protobuf-5.29.5-cp310-abi3-win32.whl", hash = "sha256:3f1c6468a2cfd102ff4703976138844f78ebd1fb45f49011afc5139e9e283079", size = 422963, upload-time = "2025-05-28T23:51:41.204Z" },
    { url = "https://files.pythonhosted.org/packages/81/7f/73cefb093e1a2a7c3ffd839e6f9fcafb7a427d300c7f8aef9c64405d8ac6/protobuf-5.29.5-cp310-abi3-win_amd64.whl", hash = "sha256:3f76e3a3675b4a4d867b52e4a5f5b78a2ef9565549d4037e06cf7b0942b1d3fc", size = 434818, upload-time = "2025-05-28T23:51:44.297Z" },
    { url = "https://files.pythonhosted.org/packages/dd/73/10e1661c21f139f2c6ad9b23040ff36fee624310dc28fba20d33fdae124c/protobuf-5.29.5-cp38-abi3-macosx_10_9_universal2.whl", hash = "sha256:e38c5add5a311f2a6eb0340716ef9b039c1dfa428b28f25a7838ac329204a671", size = 418091, upload-time = "2025-05-28T23:51:45.907Z" },
    { url = "https://files.pythonhosted.org/packages/6c/04/98f6f8cf5b07ab1294c13f34b4e69b3722bb609c5b701d6c169828f9f8aa/protobuf-5.29.5-cp38-abi3-manylinux2014_aarch64.whl", hash = "sha256:fa18533a299d7ab6c55a238bf8629311439995f2e7eca5caaff08663606e9015", size = 319824, upload-time = "2025-05-28T23:51:47.545Z" },
    { url = "https://files.pythonhosted.org/packages/85/e4/07c80521879c2d15f321465ac24c70efe2381378c00bf5e56a0f4fbac8cd/protobuf-5.29.5-cp38-abi3-manylinux2014_x86_64.whl", hash = "sha256:63848923da3325e1bf7e9003d680ce6e14b07e55d0473253a690c3a8b8fd6e61", size = 319942, upload-time = "2025-05-28T23:51:49.11Z" },
    { url = "https://files.pythonhosted.org/packages/7e/cc/7e77861000a0691aeea8f4566e5d3aa716f2b1dece4a24439437e41d3d25/protobuf-5.29.5-py3-none-any.whl", hash = "sha256:6cf42630262c59b2d8de33954443d94b746c952b01434fc58a417fdbd2e84bd5", size = 172823, upload-time = "2025-05-28T23:51:58.157Z" },
]

[[package]]
name = "pyaudio"
version = "0.2.14"
source = { registry = "https://pypi.org/simple" }
sdist = { url = "https://files.pythonhosted.org/packages/26/1d/8878c7752febb0f6716a7e1a52cb92ac98871c5aa522cba181878091607c/PyAudio-0.2.14.tar.gz", hash = "sha256:78dfff3879b4994d1f4fc6485646a57755c6ee3c19647a491f790a0895bd2f87", size = 47066, upload-time = "2023-11-07T07:11:48.806Z" }
wheels = [
    { url = "https://files.pythonhosted.org/packages/3a/77/66cd37111a87c1589b63524f3d3c848011d21ca97828422c7fde7665ff0d/PyAudio-0.2.14-cp313-cp313-win32.whl", hash = "sha256:95328285b4dab57ea8c52a4a996cb52be6d629353315be5bfda403d15932a497", size = 150982, upload-time = "2024-11-20T19:12:12.404Z" },
    { url = "https://files.pythonhosted.org/packages/a5/8b/7f9a061c1cc2b230f9ac02a6003fcd14c85ce1828013aecbaf45aa988d20/PyAudio-0.2.14-cp313-cp313-win_amd64.whl", hash = "sha256:692d8c1446f52ed2662120bcd9ddcb5aa2b71f38bda31e58b19fb4672fffba69", size = 173655, upload-time = "2024-11-20T19:12:13.616Z" },
]

[[package]]
name = "setuptools"
version = "78.1.1"
source = { registry = "https://pypi.org/simple" }
sdist = { url = "https://files.pythonhosted.org/packages/81/9c/42314ee079a3e9c24b27515f9fbc7a3c1d29992c33451779011c74488375/setuptools-78.1.1.tar.gz", hash = "sha256:fcc17fd9cd898242f6b4adfaca46137a9edef687f43e6f78469692a5e70d851d", size = 1368163, upload-time = "2025-04-19T18:23:36.68Z" }
wheels = [
    { url = "https://files.pythonhosted.org/packages/90/99/158ad0609729111163fc1f674a5a42f2605371a4cf036d0441070e2f7455/setuptools-78.1.1-py3-none-any.whl", hash = "sha256:c3a9c4211ff4c309edb8b8c4f1cbfa7ae324c4ba9f91ff254e3d305b9fd54561", size = 1256462, upload-time = "2025-04-19T18:23:34.525Z" },
]

[[package]]
name = "websockets"
version = "15.0.1"
source = { registry = "https://pypi.org/simple" }
sdist = { url = "https://files.pythonhosted.org/packages/21/e6/26d09fab466b7ca9c7737474c52be4f76a40301b08362eb2dbc19dcc16c1/websockets-15.0.1.tar.gz", hash = "sha256:82544de02076bafba038ce055ee6412d68da13ab47f0c60cab827346de828dee", size = 177016, upload-time = "2025-03-05T20:03:41.606Z" }
wheels = [
    { url = "https://files.pythonhosted.org/packages/cb/9f/51f0cf64471a9d2b4d0fc6c534f323b664e7095640c34562f5182e5a7195/websockets-15.0.1-cp313-cp313-macosx_10_13_universal2.whl", hash = "sha256:ee443ef070bb3b6ed74514f5efaa37a252af57c90eb33b956d35c8e9c10a1931", size = 175440, upload-time = "2025-03-05T20:02:36.695Z" },
    { url = "https://files.pythonhosted.org/packages/8a/05/aa116ec9943c718905997412c5989f7ed671bc0188ee2ba89520e8765d7b/websockets-15.0.1-cp313-cp313-macosx_10_13_x86_64.whl", hash = "sha256:5a939de6b7b4e18ca683218320fc67ea886038265fd1ed30173f5ce3f8e85675", size = 173098, upload-time = "2025-03-05T20:02:37.985Z" },
    { url = "https://files.pythonhosted.org/packages/ff/0b/33cef55ff24f2d92924923c99926dcce78e7bd922d649467f0eda8368923/websockets-15.0.1-cp313-cp313-macosx_11_0_arm64.whl", hash = "sha256:746ee8dba912cd6fc889a8147168991d50ed70447bf18bcda7039f7d2e3d9151", size = 173329, upload-time = "2025-03-05T20:02:39.298Z" },
    { url = "https://files.pythonhosted.org/packages/31/1d/063b25dcc01faa8fada1469bdf769de3768b7044eac9d41f734fd7b6ad6d/websockets-15.0.1-cp313-cp313-manylinux_2_17_aarch64.manylinux2014_aarch64.whl", hash = "sha256:595b6c3969023ecf9041b2936ac3827e4623bfa3ccf007575f04c5a6aa318c22", size = 183111, upload-time = "2025-03-05T20:02:40.595Z" },
    { url = "https://files.pythonhosted.org/packages/93/53/9a87ee494a51bf63e4ec9241c1ccc4f7c2f45fff85d5bde2ff74fcb68b9e/websockets-15.0.1-cp313-cp313-manylinux_2_5_i686.manylinux1_i686.manylinux_2_17_i686.manylinux2014_i686.whl", hash = "sha256:3c714d2fc58b5ca3e285461a4cc0c9a66bd0e24c5da9911e30158286c9b5be7f", size = 182054, upload-time = "2025-03-05T20:02:41.926Z" },
    { url = "https://files.pythonhosted.org/packages/ff/b2/83a6ddf56cdcbad4e3d841fcc55d6ba7d19aeb89c50f24dd7e859ec0805f/websockets-15.0.1-cp313-cp313-manylinux_2_5_x86_64.manylinux1_x86_64.manylinux_2_17_x86_64.manylinux2014_x86_64.whl", hash = "sha256:0f3c1e2ab208db911594ae5b4f79addeb3501604a165019dd221c0bdcabe4db8", size = 182496, upload-time = "2025-03-05T20:02:43.304Z" },
    { url = "https://files.pythonhosted.org/packages/98/41/e7038944ed0abf34c45aa4635ba28136f06052e08fc2168520bb8b25149f/websockets-15.0.1-cp313-cp313-musllinux_1_2_aarch64.whl", hash = "sha256:229cf1d3ca6c1804400b0a9790dc66528e08a6a1feec0d5040e8b9eb14422375", size = 182829, upload-time = "2025-03-05T20:02:48.812Z" },
    { url = "https://files.pythonhosted.org/packages/e0/17/de15b6158680c7623c6ef0db361da965ab25d813ae54fcfeae2e5b9ef910/websockets-15.0.1-cp313-cp313-musllinux_1_2_i686.whl", hash = "sha256:756c56e867a90fb00177d530dca4b097dd753cde348448a1012ed6c5131f8b7d", size = 182217, upload-time = "2025-03-05T20:02:50.14Z" },
    { url = "https://files.pythonhosted.org/packages/33/2b/1f168cb6041853eef0362fb9554c3824367c5560cbdaad89ac40f8c2edfc/websockets-15.0.1-cp313-cp313-musllinux_1_2_x86_64.whl", hash = "sha256:558d023b3df0bffe50a04e710bc87742de35060580a293c2a984299ed83bc4e4", size = 182195, upload-time = "2025-03-05T20:02:51.561Z" },
    { url = "https://files.pythonhosted.org/packages/86/eb/20b6cdf273913d0ad05a6a14aed4b9a85591c18a987a3d47f20fa13dcc47/websockets-15.0.1-cp313-cp313-win32.whl", hash = "sha256:ba9e56e8ceeeedb2e080147ba85ffcd5cd0711b89576b83784d8605a7df455fa", size = 176393, upload-time = "2025-03-05T20:02:53.814Z" },
    { url = "https://files.pythonhosted.org/packages/1b/6c/c65773d6cab416a64d191d6ee8a8b1c68a09970ea6909d16965d26bfed1e/websockets-15.0.1-cp313-cp313-win_amd64.whl", hash = "sha256:e09473f095a819042ecb2ab9465aee615bd9c2028e4ef7d933600a8401c79561", size = 176837, upload-time = "2025-03-05T20:02:55.237Z" },
    { url = "https://files.pythonhosted.org/packages/fa/a8/5b41e0da817d64113292ab1f8247140aac61cbf6cfd085d6a0fa77f4984f/websockets-15.0.1-py3-none-any.whl", hash = "sha256:f7a866fbc1e97b5c617ee4116daaa09b722101d4a3c170c787450ba409f9736f", size = 169743, upload-time = "2025-03-05T20:03:39.41Z" },
]
